
Microsoft Visual Studio Solution File, Format Version 12.00
# Visual Studio 15
VisualStudioVersion = 15.0.26228.9
MinimumVisualStudioVersion = 10.0.40219.1
Project("{FAE04EC0-301F-11D3-BF4B-00C04F79EFBC}") = "WpfApp1", "WpfApp1\WpfApp1.csproj", "{4D0F5415-EB0E-425C-BA86-2A4DD128993D}"
EndProject
Global
	GlobalSection(SolutionConfigurationPlatforms) = preSolution
		Debug|Any CPU = Debug|Any CPU
		Release|Any CPU = Release|Any CPU
	EndGlobalSection
	GlobalSection(ProjectConfigurationPlatforms) = postSolution
		{4D0F5415-EB0E-425C-BA86-2A4DD128993D}.Debug|Any CPU.ActiveCfg = Debug|Any CPU
		{4D0F5415-EB0E-425C-BA86-2A4DD128993D}.Debug|Any CPU.Build.0 = Debug|Any CPU
		{4D0F5415-EB0E-425C-BA86-2A4DD128993D}.Release|Any CPU.ActiveCfg = Release|Any CPU
		{4D0F5415-EB0E-425C-BA86-2A4DD128993D}.Release|Any CPU.Build.0 = Release|Any CPU
	EndGlobalSection
	GlobalSection(SolutionProperties) = preSolution
		HideSolutionNode = FALSE
	EndGlobalSection
EndGlobal
